[[package]]
category = "dev"
description = "A configurable sidebar-enabled Sphinx theme"
name = "alabaster"
optional = false
python-versions = "*"
version = "0.7.12"

[[package]]
category = "dev"
description = "Atomic file writes."
name = "atomicwrites"
optional = false
python-versions = ">=2.7, !=3.0.*, !=3.1.*, !=3.2.*, !=3.3.*"
version = "1.2.1"

[[package]]
category = "dev"
description = "Classes Without Boilerplate"
name = "attrs"
optional = false
python-versions = "*"
version = "18.2.0"

[[package]]
category = "dev"
description = "Internationalization utilities"
name = "babel"
optional = false
python-versions = ">=2.7, !=3.0.*, !=3.1.*, !=3.2.*, !=3.3.*"
version = "2.6.0"

[package.dependencies]
pytz = ">=0a"

[[package]]
category = "dev"
description = "Screen-scraping library"
name = "beautifulsoup4"
optional = false
python-versions = "*"
version = "4.7.0"

[package.dependencies]
soupsieve = ">=1.2"

[[package]]
category = "main"
description = "Scalable persistent object containers"
name = "btrees"
optional = false
python-versions = "*"
version = "4.5.1"

[package.dependencies]
persistent = ">=4.1.0"
"zope.interface" = "*"

[[package]]
category = "dev"
description = "Python package for providing Mozilla's CA Bundle."
name = "certifi"
optional = false
python-versions = "*"
version = "2018.11.29"

[[package]]
category = "main"
description = "Foreign Function Interface for Python calling C code."
name = "cffi"
optional = false
python-versions = "*"
version = "1.11.5"

[package.dependencies]
pycparser = "*"

[[package]]
category = "main"
description = "Fast HTML/XML Template Compiler."
name = "chameleon"
optional = false
python-versions = "*"
version = "3.5"

[[package]]
category = "dev"
description = "Universal encoding detector for Python 2 and 3"
name = "chardet"
optional = false
python-versions = "*"
version = "3.0.4"

[[package]]
category = "dev"
description = "Cross-platform colored terminal text."
marker = "sys_platform == \"win32\""
name = "colorama"
optional = false
python-versions = ">=2.7, !=3.0.*, !=3.1.*, !=3.2.*, !=3.3.*"
version = "0.4.1"

[[package]]
category = "dev"
description = "Docutils -- Python Documentation Utilities"
name = "docutils"
optional = false
python-versions = "*"
version = "0.14"

[[package]]
category = "dev"
description = "the modular source code checker: pep8, pyflakes and co"
name = "flake8"
optional = false
python-versions = ">=2.7, !=3.0.*, !=3.1.*, !=3.2.*, !=3.3.*"
version = "3.6.0"

[package.dependencies]
mccabe = ">=0.6.0,<0.7.0"
pycodestyle = ">=2.4.0,<2.5.0"
pyflakes = ">=2.0.0,<2.1.0"
setuptools = ">=30"

[[package]]
category = "dev"
description = "Extension for flake8 which uses pydocstyle to check docstrings"
name = "flake8-docstrings"
optional = false
python-versions = "*"
version = "1.3.0"

[package.dependencies]
flake8 = "*"
flake8-polyfill = "*"
pydocstyle = ">=2.1"

[[package]]
category = "dev"
description = "flake8 plugin that integrates isort ."
name = "flake8-isort"
optional = false
python-versions = "*"
version = "2.6.0"

[package.dependencies]
flake8 = ">=3.2.1"
isort = ">=4.3.0"
testfixtures = "*"

[[package]]
category = "dev"
description = "Polyfill package for Flake8 plugins"
name = "flake8-polyfill"
optional = false
python-versions = "*"
version = "1.0.2"

[package.dependencies]
flake8 = "*"

[[package]]
category = "main"
description = "Integrated process monitor for developing and reloading daemons."
name = "hupper"
optional = false
python-versions = ">=2.7,!=3.0.*,!=3.1.*,!=3.2.*,!=3.3.*"
version = "1.4.2"

[[package]]
category = "dev"
description = "Internationalized Domain Names in Applications (IDNA)"
name = "idna"
optional = false
python-versions = ">=2.7, !=3.0.*, !=3.1.*, !=3.2.*, !=3.3.*"
version = "2.8"

[[package]]
category = "dev"
description = "Getting image size from png/jpeg/jpeg2000/gif file"
name = "imagesize"
optional = false
python-versions = ">=2.7, !=3.0.*, !=3.1.*, !=3.2.*, !=3.3.*"
version = "1.1.0"

[[package]]
category = "dev"
description = "A Python utility / library to sort Python imports."
name = "isort"
optional = false
python-versions = ">=2.7, !=3.0.*, !=3.1.*, !=3.2.*, !=3.3.*"
version = "4.3.4"

[[package]]
category = "dev"
description = "A small but fast and easy to use stand-alone template engine written in pure python."
name = "jinja2"
optional = false
python-versions = "*"
version = "2.10"

[package.dependencies]
MarkupSafe = ">=0.23"

[[package]]
category = "dev"
description = "Safely add untrusted strings to HTML/XML markup."
name = "markupsafe"
optional = false
python-versions = ">=2.7,!=3.0.*,!=3.1.*,!=3.2.*,!=3.3.*"
version = "1.1.0"

[[package]]
category = "dev"
description = "McCabe checker, plugin for flake8"
name = "mccabe"
optional = false
python-versions = "*"
version = "0.6.1"

[[package]]
category = "dev"
description = "More routines for operating on iterables, beyond itertools"
name = "more-itertools"
optional = false
python-versions = "*"
version = "5.0.0"

[package.dependencies]
six = ">=1.0.0,<2.0.0"

[[package]]
category = "main"
description = "Newt DB, the amphibious database"
name = "newt.db"
optional = false
python-versions = "*"
version = "0.9.0"

[package.dependencies]
RelStorage = ">=2"
setuptools = "*"
six = "*"

[[package]]
category = "dev"
description = "Core utilities for Python packages"
name = "packaging"
optional = false
python-versions = ">=2.7, !=3.0.*, !=3.1.*, !=3.2.*, !=3.3.*"
version = "18.0"

[package.dependencies]
pyparsing = ">=2.0.2"
six = "*"

[[package]]
category = "main"
description = "Load, configure, and compose WSGI applications and servers"
name = "pastedeploy"
optional = false
python-versions = "*"
version = "2.0.1"

[[package]]
category = "dev"
description = "Object-oriented filesystem paths"
marker = "python_version < \"3.6\""
name = "pathlib2"
optional = false
python-versions = "*"
version = "2.3.3"

[package.dependencies]
six = "*"

[[package]]
category = "main"
description = "Send performance metrics about Python code to Statsd"
name = "perfmetrics"
optional = false
python-versions = "*"
version = "2.0"

[package.dependencies]
setuptools = "*"

[[package]]
category = "main"
description = "Translucent persistent objects"
name = "persistent"
optional = false
python-versions = "*"
version = "4.4.3"

[package.dependencies]
"zope.interface" = "*"

[[package]]
category = "main"
description = "A loader interface around multiple config file formats."
name = "plaster"
optional = false
python-versions = ">=2.7,!=3.0.*,!=3.1.*,!=3.2.*,!=3.3.*"
version = "1.0"

[package.dependencies]
setuptools = "*"

[[package]]
category = "main"
description = "A loader implementing the PasteDeploy syntax to be used by plaster."
name = "plaster-pastedeploy"
optional = false
python-versions = ">=2.7,!=3.0.*,!=3.1.*,!=3.2.*,!=3.3.*"
version = "0.6"

[package.dependencies]
PasteDeploy = ">=1.5.0"
plaster = ">=0.5"

[[package]]
category = "dev"
description = "plugin and hook calling mechanisms for python"
name = "pluggy"
optional = false
python-versions = ">=2.7, !=3.0.*, !=3.1.*, !=3.2.*, !=3.3.*"
version = "0.8.0"

[[package]]
category = "main"
description = "psycopg2 - Python-PostgreSQL Database Adapter"
marker = "platform_python_implementation == \"CPython\" and extra == \"postgresql\""
name = "psycopg2"
optional = false
python-versions = "*"
version = "2.7.6.1"

[[package]]
category = "main"
description = "psycopg2 - Python-PostgreSQL Database Adapter"
name = "psycopg2-binary"
optional = false
python-versions = "*"
version = "2.7.6.1"

[[package]]
category = "main"
description = ".. image:: https://travis-ci.org/chtd/psycopg2cffi.svg?branch=master"
marker = "platform_python_implementation == \"PyPy\" and extra == \"postgresql\""
name = "psycopg2cffi"
optional = false
python-versions = "*"
version = "2.8.1"

[package.dependencies]
cffi = ">=1.0"
six = "*"

[[package]]
category = "dev"
description = "library with cross-python path, ini-parsing, io, code, log facilities"
name = "py"
optional = false
python-versions = ">=2.7, !=3.0.*, !=3.1.*, !=3.2.*, !=3.3.*"
version = "1.7.0"

[[package]]
category = "dev"
description = "Python style guide checker"
name = "pycodestyle"
optional = false
python-versions = "*"
version = "2.4.0"

[[package]]
category = "main"
description = "C parser in Python"
name = "pycparser"
optional = false
python-versions = "*"
version = "2.19"

[[package]]
category = "dev"
description = "Python docstring style checker"
name = "pydocstyle"
optional = false
python-versions = "*"
version = "3.0.0"

[package.dependencies]
six = "*"
snowballstemmer = "*"

[[package]]
category = "dev"
description = "passive checker of Python programs"
name = "pyflakes"
optional = false
python-versions = ">=2.7, !=3.0.*, !=3.1.*, !=3.2.*, !=3.3.*"
version = "2.0.0"

[[package]]
category = "dev"
description = "Python stub file generator."
name = "pygenstub"
optional = false
python-versions = ">=2.7, !=3.0.*, !=3.1.*, !=3.2.*, !=3.3.*"
version = "1.2.1"

[package.dependencies]
docutils = ">=0.14,<0.15"

[[package]]
category = "dev"
description = "Pygments is a syntax highlighting package written in Python."
name = "pygments"
optional = false
python-versions = "*"
version = "2.3.1"

[[package]]
category = "dev"
description = "Python parsing module"
name = "pyparsing"
optional = false
python-versions = ">=2.6, !=3.0.*, !=3.1.*, !=3.2.*"
version = "2.3.0"

[[package]]
category = "main"
description = "The Pyramid Web Framework, a Pylons project"
name = "pyramid"
optional = false
python-versions = ">=2.7,!=3.0.*,!=3.1.*,!=3.2.*,!=3.3.*"
version = "1.10.1"

[package.dependencies]
hupper = "*"
plaster = "*"
plaster-pastedeploy = "*"
setuptools = "*"
translationstring = ">=0.4"
venusian = ">=1.0"
webob = ">=1.8.3"
"zope.deprecation" = ">=3.5.0"
"zope.interface" = ">=3.8.0"

[[package]]
category = "main"
description = "pyramid_chameleon"
name = "pyramid-chameleon"
optional = false
python-versions = "*"
version = "0.3"

[package.dependencies]
Chameleon = "*"
pyramid = "*"

[[package]]
category = "main"
description = "A package which allows Pyramid requests to join the active transaction"
name = "pyramid-tm"
optional = false
python-versions = "*"
version = "2.2.1"

[package.dependencies]
pyramid = ">=1.5"
transaction = ">=2.0"

[[package]]
category = "main"
description = "Provide integration betwen Pyramid and ZODB"
name = "pyramid-zodbconn"
optional = false
python-versions = "*"
version = "0.8.1"

[package.dependencies]
pyramid = "*"
zodburi = "*"

[[package]]
category = "dev"
description = "pytest: simple powerful testing with Python"
name = "pytest"
optional = false
python-versions = ">=2.7, !=3.0.*, !=3.1.*, !=3.2.*, !=3.3.*"
version = "3.10.1"

[package.dependencies]
atomicwrites = ">=1.0"
attrs = ">=17.4.0"
colorama = "*"
more-itertools = ">=4.0.0"
pluggy = ">=0.7"
py = ">=1.5.0"
setuptools = "*"
six = ">=1.10.0"

[package.dependencies.pathlib2]
python = "<3.6"
version = ">=2.2.0"

[[package]]
category = "dev"
description = "World timezone definitions, modern and historical"
name = "pytz"
optional = false
python-versions = "*"
version = "2018.7"

[[package]]
category = "main"
description = "A backend for ZODB that stores pickles in a relational database."
name = "relstorage"
optional = false
python-versions = "*"
version = "2.1.0"

[package.dependencies]
cffi = "*"
perfmetrics = "*"
psycopg2 = ">=2.6.1"
psycopg2cffi = ">=2.7.4"
"zc.lockfile" = "*"
"zope.interface" = "*"

[package.dependencies.ZEO]
python = ">=2.7.9"
version = ">=4.3.1"

[package.dependencies.ZODB]
python = ">=2.7.9"
version = ">=4.4.3"

[[package]]
category = "dev"
description = "Python HTTP for Humans."
name = "requests"
optional = false
python-versions = ">=2.7, !=3.0.*, !=3.1.*, !=3.2.*, !=3.3.*"
version = "2.21.0"

[package.dependencies]
certifi = ">=2017.4.17"
chardet = ">=3.0.2,<3.1.0"
idna = ">=2.5,<2.9"
urllib3 = ">=1.21.1,<1.25"

[[package]]
category = "main"
description = "Python 2 and 3 compatibility utilities"
name = "six"
optional = false
python-versions = ">=2.6, !=3.0.*, !=3.1.*"
version = "1.12.0"

[[package]]
category = "dev"
description = "This package provides 16 stemmer algorithms (15 + Poerter English stemmer) generated from Snowball algorithms."
name = "snowballstemmer"
optional = false
python-versions = "*"
version = "1.2.1"

[[package]]
category = "dev"
description = "A CSS4 selector implementation for Beautiful Soup."
name = "soupsieve"
optional = false
python-versions = "*"
version = "1.6.1"

[[package]]
category = "dev"
description = "Python documentation generator"
name = "sphinx"
optional = false
python-versions = ">=2.7, !=3.0.*, !=3.1.*, !=3.2.*, !=3.3.*"
version = "1.8.3"

[package.dependencies]
Jinja2 = ">=2.3"
Pygments = ">=2.0"
alabaster = ">=0.7,<0.8"
babel = ">=1.3,<2.0 || >2.0"
colorama = ">=0.3.5"
docutils = ">=0.11"
imagesize = "*"
packaging = "*"
requests = ">=2.0.0"
setuptools = "*"
six = ">=1.5"
snowballstemmer = ">=1.1"
sphinxcontrib-websupport = "*"

[[package]]
category = "dev"
description = "Read the Docs theme for Sphinx"
name = "sphinx-rtd-theme"
optional = false
python-versions = "*"
version = "0.4.2"

[package.dependencies]
sphinx = "*"

[[package]]
category = "dev"
description = "Sphinx API for Web Apps"
name = "sphinxcontrib-websupport"
optional = false
python-versions = ">=2.7, !=3.0.*, !=3.1.*, !=3.2.*, !=3.3.*"
version = "1.1.0"

[[package]]
category = "dev"
description = "A collection of helpers and mock objects for unit tests and doc tests."
name = "testfixtures"
optional = false
python-versions = "*"
version = "6.4.1"

[[package]]
category = "main"
description = "Transaction management for Python"
name = "transaction"
optional = false
python-versions = "*"
version = "2.4.0"

[package.dependencies]
"zope.interface" = "*"

[[package]]
category = "main"
description = "Utility library for i18n relied on by various Repoze and Pyramid packages"
name = "translationstring"
optional = false
python-versions = "*"
version = "1.3"

[[package]]
category = "dev"
description = "HTTP library with thread-safe connection pooling, file post, and more."
name = "urllib3"
optional = false
python-versions = ">=2.7, !=3.0.*, !=3.1.*, !=3.2.*, !=3.3.*, <4"
version = "1.24.1"

[[package]]
category = "main"
description = "A library for deferring decorator actions"
name = "venusian"
optional = false
python-versions = "*"
version = "1.1.0"

[[package]]
category = "dev"
description = "Waitress WSGI server"
name = "waitress"
optional = false
python-versions = "*"
version = "1.1.0"

[[package]]
category = "main"
description = "WSGI request and response object"
name = "webob"
optional = false
python-versions = ">=2.7,!=3.0.*,!=3.1.*,!=3.2.*"
version = "1.8.4"

[[package]]
category = "dev"
description = "Helper to test WSGI applications"
name = "webtest"
optional = false
python-versions = "*"
version = "2.0.32"

[package.dependencies]
WebOb = ">=1.2"
beautifulsoup4 = "*"
six = "*"
waitress = ">=0.8.5"

[[package]]
category = "main"
description = "Basic inter-process locks"
name = "zc.lockfile"
optional = false
python-versions = "*"
version = "1.4"

[package.dependencies]
setuptools = "*"

[[package]]
category = "main"
description = "Structured Configuration Library"
name = "zconfig"
optional = false
python-versions = "*"
version = "3.4.0"

[[package]]
category = "main"
description = "Daemon process control library and tools for Unix-based systems"
name = "zdaemon"
optional = false
python-versions = "*"
version = "4.3"

[package.dependencies]
ZConfig = "*"
setuptools = "*"

[[package]]
category = "main"
description = "ZEO - Single-server client-server database server for ZODB"
name = "zeo"
optional = false
python-versions = "*"
version = "5.2.0"

[package.dependencies]
ZConfig = "*"
ZODB = ">=5.1.1"
persistent = ">=4.1.0"
six = "*"
transaction = ">=2.0.3"
"zc.lockfile" = "*"
zdaemon = "*"
"zope.interface" = "*"

[[package]]
category = "main"
description = "ZODB, a Python object-oriented database"
name = "zodb"
optional = false
python-versions = ">=2.7,!=3.0.*,!=3.1.*,!=3.2.*,!=3.3.*"
version = "5.5.1"

[package.dependencies]
BTrees = ">=4.2.0"
ZConfig = "*"
persistent = ">=4.4.0"
six = "*"
transaction = ">=2.4"
"zc.lockfile" = "*"
zodbpickle = ">=1.0.1"
"zope.interface" = "*"

[[package]]
category = "main"
description = "Fork of Python 3 pickle module."
name = "zodbpickle"
optional = false
python-versions = "*"
version = "1.0.3"

[package.dependencies]
setuptools = "*"

[[package]]
category = "main"
description = "Construct ZODB storage instances from URIs."
name = "zodburi"
optional = false
python-versions = "*"
version = "2.3.0"

[package.dependencies]
ZConfig = "*"
ZEO = "*"
ZODB = "*"

[[package]]
category = "main"
description = "Zope Deprecation Infrastructure"
name = "zope.deprecation"
optional = false
python-versions = "*"
version = "4.4.0"

[package.dependencies]
setuptools = "*"

[[package]]
category = "main"
description = "Interfaces for Python"
name = "zope.interface"
optional = false
python-versions = ">=2.7, !=3.0.*, !=3.1.*, !=3.2.*, !=3.3.*"
version = "4.6.0"

[package.dependencies]
setuptools = "*"

[metadata]
content-hash = "a3f5d91781ae1493cbef5fab0706fa4c9eea9bfe9ef8fb35a657759a054b8540"
python-versions = "^3.5"

[metadata.hashes]
alabaster = ["446438bdcca0e05bd45ea2de1668c1d9b032e1a9154c2c259092d77031ddd359", "a661d72d58e6ea8a57f7a86e37d86716863ee5e92788398526d58b26a4e4dc02"]
atomicwrites = ["0312ad34fcad8fac3704d441f7b317e50af620823353ec657a53e981f92920c0", "ec9ae8adaae229e4f8446952d204a3e4b5fdd2d099f9be3aaf556120135fb3ee"]
attrs = ["10cbf6e27dbce8c30807caf056c8eb50917e0eaafe86347671b57254006c3e69", "ca4be454458f9dec299268d472aaa5a11f67a4ff70093396e1ceae9c76cf4bbb"]
babel = ["6778d85147d5d85345c14a26aada5e478ab04e39b078b0745ee6870c2b5cf669", "8cba50f48c529ca3fa18cf81fa9403be176d374ac4d60738b839122dfaaa3d23"]
beautifulsoup4 = ["1ed70a0e99742653953d68462378a1a8eb65dca5f7c8fa44a05a2a0b3545df67", "6a7f5e0efc563cd1ffeefba6d528b97aa0d313c02dd126ba6c455e5fe5bd48eb", "e394827904cc4923f443e8dd2e9968343669c8e1ad7a8d62d7541e780884acb8"]
btrees = ["00184658f44a7ffee63f3025064b8e6dff0e15017a333bec5764db96a8105afe", "03fac05d577e828bfca57e75e68758ab0ad6a3ca729654c46615160a6d22fb7b", "0bb33f9934e2da2a96286364ea45f0c14b5cbef06a5bc470d1e4a65fff206f5f", "0d99375d90702784dfb2de73a5bffabbfa7e2360552f07390ddd51a1fd4aa628", "125da38910d7824361daaf0b3ee4ef0dde503500c6411ef9ff9ab885fc16fb1c", "1b5281040aaba7b713ad7ae39a251c3eeaee611413debeea8951d27839c09367", "2223996cfd33a54a05fa554aa59d1c87a45a8b3324e61e202e9ba30e9b237fad", "24d8d17f623004962ed9465fe93e22333dd6c046942461c45ff9b86ef38af369", "2acad394a6cf02277696a43f5d46a560565941ff2b729170bf13758724cbec21", "416c31c22a6a53a1a34d392319397048b00d1f99036399630634526e4caab7ba", "429f7c5b839935fe57ef84e149eb955602139accfcc20d284aa02253bf84dcd6", "64ab1f1075b853cbf7ab7a137619eadefc0119d6ad89ab9c21b2db44de56075b", "68f4f5d7b737c37fd96424d4ce5056b79ec540ea558a5ebf48f1dd9e98863c7e", "728f74faada31ff4f181f1c4a5edfe8c2c63f06318457552fabf9aba4bbda79f", "73b585737af603a509600e1de3ec51022db6e24728c4d47d14c9240436611e4a", "7c02e633d763e6a98af86eb5cc1517826cb717e86ea4daba60cd2674a48bf704", "86528547a9aacb4d9f1883a3ec0534ecc2ad819d0e65aa6f8a425e0cfa5a21c6", "9fbc8cf9c81c1ccbb87c4f45027e14c7875ca243238afd671fea8b0b9a384653", "a0ab5431c2b9f041a1b6a3d58c368e123c54c692dbb0e7dfce2fa2a40ecdd5c9", "a9c3ade43191655e7b45fd2ccb79e6b9ef0a4c4f15b9bdee7d3893c3e9333f14", "bed965c1d2f4b84f7e4a23f0ccc2c3bb1c8d5c011ce338692fcd6d79095be6d1", "c392818ac04a8a7832a20894d9c76096a409a7761d9a83fc6c8e0dc8854cd12e", "d0b5097f12391e5c1745cc230daedd55d04b68b7c65f7544933335bfb761e911", "d203ac51328629397a66cd855429cd71bc1ad81506be3d93b01e75eefce43be8", "d977b39821331c8aab16ce9635eabc2287d3f26d9c6a76dfd29e55c8e58ffc48", "dcc096c3cf92efd6b9365951f89118fd30bc209c9af83bf050a28151a9992786", "e8f9019ec9485312d2c7bfacb6d2cb6c7af8a93f308f0ec229170b10bfd7a243", "fae16e7597f9a5f87c88dfbf582cd2f14a04b440b5249c23c415e63f6927fc10"]
certifi = ["47f9c83ef4c0c621eaef743f133f09fa8a74a9b75f037e8624f83bd1b6626cb7", "993f830721089fef441cdfeb4b2c8c9df86f0c63239f06bd025a76a7daddb033"]
cffi = ["151b7eefd035c56b2b2e1eb9963c90c6302dc15fbd8c1c0a83a163ff2c7d7743", "1553d1e99f035ace1c0544050622b7bc963374a00c467edafac50ad7bd276aef", "1b0493c091a1898f1136e3f4f991a784437fac3673780ff9de3bcf46c80b6b50", "2ba8a45822b7aee805ab49abfe7eec16b90587f7f26df20c71dd89e45a97076f", "3bb6bd7266598f318063e584378b8e27c67de998a43362e8fce664c54ee52d30", "3c85641778460581c42924384f5e68076d724ceac0f267d66c757f7535069c93", "3eb6434197633b7748cea30bf0ba9f66727cdce45117a712b29a443943733257", "495c5c2d43bf6cebe0178eb3e88f9c4aa48d8934aa6e3cddb865c058da76756b", "4c91af6e967c2015729d3e69c2e51d92f9898c330d6a851bf8f121236f3defd3", "57b2533356cb2d8fac1555815929f7f5f14d68ac77b085d2326b571310f34f6e", "770f3782b31f50b68627e22f91cb182c48c47c02eb405fd689472aa7b7aa16dc", "79f9b6f7c46ae1f8ded75f68cf8ad50e5729ed4d590c74840471fc2823457d04", "7a33145e04d44ce95bcd71e522b478d282ad0eafaf34fe1ec5bbd73e662f22b6", "857959354ae3a6fa3da6651b966d13b0a8bed6bbc87a0de7b38a549db1d2a359", "87f37fe5130574ff76c17cab61e7d2538a16f843bb7bca8ebbc4b12de3078596", "95d5251e4b5ca00061f9d9f3d6fe537247e145a8524ae9fd30a2f8fbce993b5b", "9d1d3e63a4afdc29bd76ce6aa9d58c771cd1599fbba8cf5057e7860b203710dd", "a36c5c154f9d42ec176e6e620cb0dd275744aa1d804786a71ac37dc3661a5e95", "a6a5cb8809091ec9ac03edde9304b3ad82ad4466333432b16d78ef40e0cce0d5", "ae5e35a2c189d397b91034642cb0eab0e346f776ec2eb44a49a459e6615d6e2e", "b0f7d4a3df8f06cf49f9f121bead236e328074de6449866515cea4907bbc63d6", "b75110fb114fa366b29a027d0c9be3709579602ae111ff61674d28c93606acca", "ba5e697569f84b13640c9e193170e89c13c6244c24400fc57e88724ef610cd31", "be2a9b390f77fd7676d80bc3cdc4f8edb940d8c198ed2d8c0be1319018c778e1", "ca1bd81f40adc59011f58159e4aa6445fc585a32bb8ac9badf7a2c1aa23822f2", "d5d8555d9bfc3f02385c1c37e9f998e2011f0db4f90e250e5bc0c0a85a813085", "e55e22ac0a30023426564b1059b035973ec82186ddddbac867078435801c7801", "e90f17980e6ab0f3c2f3730e56d1fe9bcba1891eeea58966e89d352492cc74f4", "ecbb7b01409e9b782df5ded849c178a0aa7c906cf8c5a67368047daab282b184", "ed01918d545a38998bfa5902c7c00e0fee90e957ce036a4000a88e3fe2264917", "edabd457cd23a02965166026fd9bfd196f4324fe6032e866d0f3bd0301cd486f", "fdf1c1dc5bafc32bc5d08b054f94d659422b05aba244d6be4ddc1c72d9aa70fb"]
chameleon = ["cb0f97211faf03b46bf30e517c0e589bdc4a6cf678a9d1d68312d710849303a9"]
chardet = ["84ab92ed1c4d4f16916e05906b6b75a6c0fb5db821cc65e70cbd64a3e2a5eaae", "fc323ffcaeaed0e0a02bf4d117757b98aed530d9ed4531e3e15460124c106691"]
colorama = ["05eed71e2e327246ad6b38c540c4a3117230b19679b875190486ddd2d721422d", "f8ac84de7840f5b9c4e3347b3c1eaa50f7e49c2b07596221daec5edaabbd7c48"]
docutils = ["02aec4bd92ab067f6ff27a38a38a41173bf01bed8f89157768c1573f53e474a6", "51e64ef2ebfb29cae1faa133b3710143496eca21c530f3f71424d77687764274", "7a4bd47eaf6596e1295ecb11361139febe29b084a87bf005bf899f9a42edc3c6"]
flake8 = ["6a35f5b8761f45c5513e3405f110a86bea57982c3b75b766ce7b65217abe1670", "c01f8a3963b3571a8e6bd7a4063359aff90749e160778e03817cd9b71c9e07d2"]
flake8-docstrings = ["4e0ce1476b64e6291520e5570cf12b05016dd4e8ae454b8a8a9a48bc5f84e1cd", "8436396b5ecad51a122a2c99ba26e5b4e623bf6e913b0fea0cb6c2c4050f91eb"]
flake8-isort = ["3c107c405dd6e3dbdcccb2f84549d76d58a07120cd997a0560fab8b84c305f2a", "76d7dd6aec2762c608b442abebb0aaedb72fc75f9a075241a89e4784d8a39900"]
flake8-polyfill = ["12be6a34ee3ab795b19ca73505e7b55826d5f6ad7230d31b18e106400169b9e9", "e44b087597f6da52ec6393a709e7108b2905317d0c0b744cdca6208e670d8eda"]
hupper = ["0c0083efcd1b777d7c292e7476e36adaaad187bd0f3cd7b48d8f8ab0abf288a3", "eb3778398658a011c96e620adcd73175f306f880a6d86b2ebb6d2a15a74b6b9b"]
idna = ["c357b3f628cf53ae2c4c05627ecc484553142ca23264e593d327bcde5e9c3407", "ea8b7f6188e6fa117537c3df7da9fc686d485087abf6ac197f9c46432f7e4a3c"]
imagesize = ["3f349de3eb99145973fefb7dbe38554414e5c30abd0c8e4b970a7c9d09f3a1d8", "f3832918bc3c66617f92e35f5d70729187676313caa60c187eb0f28b8fe5e3b5"]
isort = ["1153601da39a25b14ddc54955dbbacbb6b2d19135386699e2ad58517953b34af", "b9c40e9750f3d77e6e4d441d8b0266cf555e7cdabdcff33c4fd06366ca761ef8", "ec9ef8f4a9bc6f71eec99e1806bfa2de401650d996c59330782b89a5555c1497"]
jinja2 = ["74c935a1b8bb9a3947c50a54766a969d4846290e1e788ea44c1392163723c3bd", "f84be1bb0040caca4cea721fcbbbbd61f9be9464ca236387158b0feea01914a4"]
markupsafe = ["048ef924c1623740e70204aa7143ec592504045ae4429b59c30054cb31e3c432", "130f844e7f5bdd8e9f3f42e7102ef1d49b2e6fdf0d7526df3f87281a532d8c8b", "19f637c2ac5ae9da8bfd98cef74d64b7e1bb8a63038a3505cd182c3fac5eb4d9", "1b8a7a87ad1b92bd887568ce54b23565f3fd7018c4180136e1cf412b405a47af", "1c25694ca680b6919de53a4bb3bdd0602beafc63ff001fea2f2fc16ec3a11834", "1f19ef5d3908110e1e891deefb5586aae1b49a7440db952454b4e281b41620cd", "1fa6058938190ebe8290e5cae6c351e14e7bb44505c4a7624555ce57fbbeba0d", "31cbb1359e8c25f9f48e156e59e2eaad51cd5242c05ed18a8de6dbe85184e4b7", "3e835d8841ae7863f64e40e19477f7eb398674da6a47f09871673742531e6f4b", "4e97332c9ce444b0c2c38dd22ddc61c743eb208d916e4265a2a3b575bdccb1d3", "525396ee324ee2da82919f2ee9c9e73b012f23e7640131dd1b53a90206a0f09c", "52b07fbc32032c21ad4ab060fec137b76eb804c4b9a1c7c7dc562549306afad2", "52ccb45e77a1085ec5461cde794e1aa037df79f473cbc69b974e73940655c8d7", "5c3fbebd7de20ce93103cb3183b47671f2885307df4a17a0ad56a1dd51273d36", "5e5851969aea17660e55f6a3be00037a25b96a9b44d2083651812c99d53b14d1", "5edfa27b2d3eefa2210fb2f5d539fbed81722b49f083b2c6566455eb7422fd7e", "7d263e5770efddf465a9e31b78362d84d015cc894ca2c131901a4445eaa61ee1", "83381342bfc22b3c8c06f2dd93a505413888694302de25add756254beee8449c", "857eebb2c1dc60e4219ec8e98dfa19553dae33608237e107db9c6078b1167856", "98e439297f78fca3a6169fd330fbe88d78b3bb72f967ad9961bcac0d7fdd1550", "bf54103892a83c64db58125b3f2a43df6d2cb2d28889f14c78519394feb41492", "d9ac82be533394d341b41d78aca7ed0e0f4ba5a2231602e2f05aa87f25c51672", "e982fe07ede9fada6ff6705af70514a52beb1b2c3d25d4e873e82114cf3c5401", "edce2ea7f3dfc981c4ddc97add8a61381d9642dc3273737e756517cc03e84dd6", "efdc45ef1afc238db84cb4963aa689c0408912a0239b0721cb172b4016eb31d6", "f137c02498f8b935892d5c0172560d7ab54bc45039de8805075e19079c639a9c", "f82e347a72f955b7017a39708a3667f106e6ad4d10b25f237396a7115d8ed5fd", "fb7c206e01ad85ce57feeaaa0bf784b97fa3cad0d4a5737bc5295785f5c613a1"]
mccabe = ["ab8a6258860da4b6677da4bd2fe5dc2c659cff31b3ee4f7f5d64e79735b80d42", "dd8d182285a0fe56bace7f45b5e7d1a6ebcbf524e8f3bd87eb0f125271b8831f"]
more-itertools = ["38a936c0a6d98a38bcc2d03fdaaedaba9f412879461dd2ceff8d37564d6522e4", "c0a5785b1109a6bd7fac76d6837fd1feca158e54e521ccd2ae8bfe393cc9d4fc", "fe7a7cae1ccb57d33952113ff4fa1bc5f879963600ed74918f1236e212ee50b9"]
"newt.db" = ["4b015d6f67163a918f9d96e0314606248e1d49d0415f8430b660c91dff56e16b"]
packaging = ["0886227f54515e592aaa2e5a553332c73962917f2831f1b0f9b9f4380a4b9807", "f95a1e147590f204328170981833854229bb2912ac3d5f89e2a8ccd2834800c9"]
pastedeploy = ["d423fb9d51fdcf853aa4ff43ac7ec469b643ea19590f67488122d6d0d772350a", "fe53697ec2754703096b75d0ba29112b0590b4ce46726fe4f9408fd006e4eefc"]
pathlib2 = ["25199318e8cc3c25dcb45cbe084cc061051336d5a9ea2a12448d3d8cb748f742", "5887121d7f7df3603bca2f710e7219f3eca0eb69e0b7cc6e0a022e155ac931a7"]
perfmetrics = ["7d8370abe78abf92480d4ae01cd2831fdd4b9b7f1fce07aa56bd246e5f3a9781"]
persistent = ["0cb01d465fa38834ccfbf6e0221e8ca4423e3b5bd0e57a5184c7200724ec87dd", "0dee103f45f973864342bdc5391ad49f348fb769f1e0d9db555b41adddfaee2f", "19f8626d9356ad33ac9c15f36db34c6a67a43e056868c5c6888d52d6d0d15e93", "1cf2ebe71bbb2e13f89a05b495ce1cc6bc82cb97b2637e5212b3bce5b636c6d8", "26750c923945a90194ef21a68e816e72b26c099051f2b1533dc7f9ba383824ad", "364d1973b8633eb3b8998caf4dc78fcaa6222a5d9555ae70f151ad931b9bec04", "463502049882394e5a552b3911903c26b6eab371e96da852063b01134326267f", "53cdf664708c53072130485c6646b00162a246bd64db850895d1944394c1897d", "5914a8299428b5a4e6f81ee692768584e4efaadc959fcaf4bd759ffe813e8a43", "5c2cb1041d306a0a6f4ece13281f56792d8d739c12ae2aeff7bada9ff687177b", "5e9501d9e7663789a07d0a64d6f7d88858a5b4dac96d65a2aa3af2be09a1c766", "6765eab176cde56a492666952b97eaaa79742e5e6fc17efcd1b6d0be9d471116", "8f7f840365913a01eedd8ae706578fda613c71ecc21595d563d28f408d69beb2", "9a9767803a0cdbce8fab6c9719d877ec56410a363b30baf4f35c3ff3d1495169", "a97d94663264e765ddd3fe7246e47e0b74e54b0fa5ab1e3de1404ff91e89ceaf", "b1d77fa947f03f23802061db874914f2951db24786e2fd63339165877e5fb03e", "d49b0fb3edb2ebd288c9877c09c08035ba57e1cc91cf8dd0599a6a578bbe474d"]
plaster = ["215c921a438b5349931fd7df9a5a11a3572947f20f4bc6dd622ac08f1c3ba249", "8351c7c7efdf33084c1de88dd0f422cbe7342534537b553c49b857b12d98c8c3"]
plaster-pastedeploy = ["71e29b0ab90df8343bca5f0debe4706f0f8147308a78922c8c26e8252809bce4", "c231130cb86ae414084008fe1d1797db7e61dc5eaafb5e755de21387c27c6fae"]
pluggy = ["447ba94990e8014ee25ec853339faf7b0fc8050cdc3289d4d71f7f410fb90095", "bde19360a8ec4dfd8a20dcb811780a30998101f078fc7ded6162f0076f50508f"]
psycopg2 = ["10e391687b171878181e71736d0effe3772314a339d9ae30995ec8171a0c834e", "1283f9d45e458c2dcb15ba89367923563f90ef636fe78ee22df75183484a0237", "1a9c32e4d140bea225f9821d993b2e53c913e717ea97b851246aa9b300095d8f", "1be6f2438d2b71fec7b07c3c0949dd321b04349c382907ea76b36120edec8300", "20ca6f29e118b8dd7133e8708b3fba2881e70a4e0841f874ed23985b7201a076", "227c115b3c1f65d61385e51ac690b91b584640aefb45bffacd4bd33d02ed7221", "27959abe64ca1fc6d8cd11a71a1f421d8287831a3262bd4cacd43bbf43cc3c82", "2b2daf1fe30a58300542aea679fd87d1e1c2afd36e7644837b7954fa2dbacb92", "36e51a51f295fdf67bcf05e7b1877011a6b39e6622b0013fe31c5025241873a3", "3992b9b914f2eb77dc07e8045d2ca979e491612808bc5c7cd68f307469acf9f6", "39a11de2335ad45ececed43ab851d36a4c52843d756471b940804f301792781e", "3c2afe9ef0d1649005e3ccf93c1aaccd6f8ee379530e763d3b3b77f406b7c0ae", "3fb18e0e52807fe3a300dc1b5421aa492d5e759550918f597d61863419482535", "55eab94de96ee9702f23283e9c8b03cfdb0001e2b14d5d2e1bd5ff8114b96b9f", "7e95c0ab7e7e6e452586f35d4d8966b1e924c8dd2c23977e3ea4968770ff1d26", "7f47514dbddf604f196fcfe5da955537f04691bef8124aff5632316a78d992b7", "8345370356bb4bddf93acbcfd0357163dd6b09471937adcfb38a2fbb49bdce53", "8bc6ecb220c0b88d3742042013129c817c44459795c97e9ce1bca70a3f37a53b", "8df623f248be15d1725faf5f333791678775047f12f17a90d29b5d22573f5cdc", "9645f1305e4268cc0fc88c823cd6c91de27c003e183c233a6a230e5e963039ee", "a68719ed5be8373dd72c9e45d55f7a202285e05a2e392eaa8872a67ea47d7d20", "aca0edf062ec09e954fdf0cc93d3a872362701210983a1442549e703aedec25d", "b0dd2114d93d8f424bb8ae76e0dc540f104b70ca9163172c05e7700b1459d4c9", "b2c09359d6802279efb9efb3f91a9c94567151baee95175f9b637ea628f35244", "ca7bc37b1efb7cc25271bf10f398462ed975d95259af1406d38fcb268466e34f", "e64235d9013ebf6319cb9654e08f5066112c34d8c4cc41186254ab9c3d6d5b9b", "ec9be679c0065667503851141c31fa699e1cc69ded3ba8e5d3673dd5a6eb1370", "eca00d0f91fcb44d88b12f1fd16ad138e38fa07debb79587e2b7ff1fe80d72b9", "f256e807b8b2b45b6af60d7f2bb5194aab2f4acc861241c4d8ef942a55f5030d", "fce7612a3bd6a7ba95799f88285653bf130bd7ca066b52674d5f850108b2aec0"]
psycopg2-binary = ["036bcb198a7cc4ce0fe43344f8c2c9a8155aefa411633f426c8c6ed58a6c0426", "1d770fcc02cdf628aebac7404d56b28a7e9ebec8cfc0e63260bd54d6edfa16d4", "1fdc6f369dcf229de6c873522d54336af598b9470ccd5300e2f58ee506f5ca13", "21f9ddc0ff6e07f7d7b6b484eb9da2c03bc9931dd13e36796b111d631f7135a3", "247873cda726f7956f745a3e03158b00de79c4abea8776dc2f611d5ba368d72d", "3aa31c42f29f1da6f4fd41433ad15052d5ff045f2214002e027a321f79d64e2c", "475f694f87dbc619010b26de7d0fc575a4accf503f2200885cc21f526bffe2ad", "4b5e332a24bf6e2fda1f51ca2a57ae1083352293a08eeea1fa1112dc7dd542d1", "570d521660574aca40be7b4d532dfb6f156aad7b16b5ed62d1534f64f1ef72d8", "59072de7def0690dd13112d2bdb453e20570a97297070f876fbbb7cbc1c26b05", "5f0b658989e918ef187f8a08db0420528126f2c7da182a7b9f8bf7f85144d4e4", "649199c84a966917d86cdc2046e03d536763576c0b2a756059ae0b3a9656bc20", "6645fc9b4705ae8fbf1ef7674f416f89ae1559deec810f6dd15197dfa52893da", "6872dd54d4e398d781efe8fe2e2d7eafe4450d61b5c4898aced7610109a6df75", "6ce34fbc251fc0d691c8d131250ba6f42fd2b28ef28558d528ba8c558cb28804", "73920d167a0a4d1006f5f3b9a3efce6f0e5e883a99599d38206d43f27697df00", "8a671732b87ae423e34b51139628123bc0306c2cb85c226e71b28d3d57d7e42a", "8d517e8fda2efebca27c2018e14c90ed7dc3f04d7098b3da2912e62a1a5585fe", "9475a008eb7279e20d400c76471843c321b46acacc7ee3de0b47233a1e3fa2cf", "96947b8cd7b3148fb0e6549fcb31258a736595d6f2a599f8cd450e9a80a14781", "abf229f24daa93f67ac53e2e17c8798a71a01711eb9fcdd029abba8637164338", "b1ab012f276df584beb74f81acb63905762c25803ece647016613c3d6ad4e432", "b22b33f6f0071fe57cb4e9158f353c88d41e739a3ec0d76f7b704539e7076427", "b3b2d53274858e50ad2ffdd6d97ce1d014e1e530f82ec8b307edd5d4c921badf", "bab26a729befc7b9fab9ded1bba9c51b785188b79f8a2796ba03e7e734269e2e", "daa1a593629aa49f506eddc9d23dc7f89b35693b90e1fbcd4480182d1203ea90", "dd111280ce40e89fd17b19c1269fd1b74a30fce9d44a550840e86edb33924eb8", "e0b86084f1e2e78c451994410de756deba206884d6bed68d5a3d7f39ff5fea1d", "eb86520753560a7e89639500e2a254bb6f683342af598088cb72c73edcad21e6", "ff18c5c40a38d41811c23e2480615425c97ea81fd7e9118b8b899c512d97c737"]
psycopg2cffi = ["fcaa4d5477a8205b33e8e9e6707a5c331a0f5d7f4af354529b6564377b678079"]
py = ["bf92637198836372b520efcba9e020c330123be8ce527e535d185ed4b6f45694", "e76826342cefe3c3d5f7e8ee4316b80d1dd8a300781612ddbc765c17ba25a6c6"]
pycodestyle = ["74abc4e221d393ea5ce1f129ea6903209940c1ecd29e002e8c6933c2b21026e0", "cbc619d09254895b0d12c2c691e237b2e91e9b2ecf5e84c26b35400f93dcfb83", "cbfca99bd594a10f674d0cd97a3d802a1fdef635d4361e1a2658de47ed261e3a"]
pycparser = ["a988718abfad80b6b157acce7bf130a30876d27603738ac39f140993246b25b3"]
pydocstyle = ["2258f9b0df68b97bf3a6c29003edc5238ff8879f1efb6f1999988d934e432bd8", "5741c85e408f9e0ddf873611085e819b809fca90b619f5fd7f34bd4959da3dd4", "ed79d4ec5e92655eccc21eb0c6cf512e69512b4a97d215ace46d17e4990f2039"]
pyflakes = ["9a7662ec724d0120012f6e29d6248ae3727d821bba522a0e6b356eff19126a49", "f661252913bc1dbe7fcfcbf0af0db3f42ab65aabd1a6ca68fe5d466bace94dae"]
pygenstub = ["e7ec5637da617d63cbd261da0e103f69974a53e666a219ce35f4d3f3ebf52970", "eb6bc0fcc73295f4149a79655cca8368d80a704df793d6f05951f43ebe968ce7"]
pygments = ["5ffada19f6203563680669ee7f53b64dabbeb100eb51b61996085e99c03b284a", "e8218dd399a61674745138520d0d4cf2621d7e032439341bc3f647bff125818d"]
pyparsing = ["40856e74d4987de5d01761a22d1621ae1c7f8774585acae358aa5c5936c6c90b", "f353aab21fd474459d97b709e527b5571314ee5f067441dc9f88e33eecd96592"]
pyramid = ["37c3e1c9eae72817e0365e2a38143543aee8b75240701fa5cb3a1be86c01a1c0", "3d5a6165854237b41ac67ced7697d8a884ab2b97625fabfa41b9e53d91187698"]
pyramid-chameleon = ["d176792a50eb015d7865b44bd9b24a7bd0489fa9a5cebbd17b9e05048cef9017"]
pyramid-tm = ["7e374c0b774d4a5c83b04fe4c195a601c7219023cf4944a8e4251a86b7e288da", "fde97db9d92039a154ca6afffdd2485874c7d3e7a6432adb51b7a60810bad422"]
pyramid-zodbconn = ["15c5174aee224d81bd032241a2ad1f633ffcabaedd6f1ad5ba2c3fcacdf57047", "52540a82a88a3484896f580db240a096b144d06cf91a7fb90dc7726162440692"]
pytest = ["3f193df1cfe1d1609d4c583838bea3d532b18d6160fd3f55c9447fdca30848ec", "e246cf173c01169b9617fc07264b7b1316e78d7a650055235d6d897bc80d9660"]
pytz = ["31cb35c89bd7d333cd32c5f278fca91b523b0834369e757f4c5641ea252236ca", "8e0f8568c118d3077b46be7d654cc8167fa916092e28320cde048e54bfc9f1e6"]
relstorage = ["06ad2fccfbef5f40987a829f3917f1deb8f121839c6ab6bb7c3658e2bb5fed0d", "1c9c7fc37c2f2a6896120dd07c62050fbaf553954315df10cb882a887fd91b5d", "216f387e75c163ee21d0d4c6509a5f7316a4cf8a96cd5bf13418597f450fac27", "273e61d7dd05f36d5f8eb4fd544fd40c06bb4d78baef2180a57958c1a2d3cf2a", "69816bf8069ca8121df70c27b92691a0ca8ddefe5e90995f1d86b22310d85cfc", "6c8b03670896ee568cf0e4324ca9c8906ae5b85eae1ce36aa904eac6d455c4f9", "76dba9e98d3acae6ea7f8ddde21ebb862481eaccf84d7f64adca664f571e718b", "77e17ad1fecb424c6da15f37879e41c319006a202ab36f223373dc40b6243390", "8d12cc960b1fce889549839944f72e58054d0c9f934f5b50fd2557a38546b16c", "8dc48d8f5d0ef74f35a85e50c3ff5a6634bb36ecbec546453b21b6432654268a", "9736db700c1517ac17c16dc4955929d2c3d6e7124dbdd059cb8260809cab1012", "98b880b784a85cb3ffe49d65fdb76ec0c04d66c38c3568b914018f434a54d0c3", "a54b494e238e6bc29da56426f0f2a675af9099b7e6bf4f5be097d46253167835", "bde08d33bb23d67a6e1a8996bfb29f3275a73948fabeaed72b0d0d823105a4a2", "c97e52199b3f4632cd19d7c6d30d204f3944bd5572205d0562e75d4578e9cec9", "cba10437baa3d889af3dbead56018f23ac9c9c25c3d89c318fcf3b8b54424052", "dbd1ccd36ceb993457a935ec40229a7bc27ee6ff3280d83fd76fb1d4bf51759c", "e1e8654e745f9401b89f16dec3a0ff754f6b436efe6e54a6438f97b2d879eab8", "ef1a735b3be3a84c7e065901a98d97dc30d433183c16d013d93e2baf1c1ae8b0", "fd3e578c3adc3f54937c4f722ae48743121e003e24165c46961d0af715959c9f"]
requests = ["502a824f31acdacb3a35b6690b5fbf0bc41d63a24a45c4004352b0242707598e", "7bf2a778576d825600030a110f3c0e3e8edc51dfaafe1c146e39a2027784957b"]
six = ["3350809f0555b11f552448330d0b52d5f24c91a322ea4a15ef22629740f3761c", "d16a0141ec1a18405cd4ce8b4613101da75da0e9a7aec5bdd4fa804d0e0eba73"]
snowballstemmer = ["919f26a68b2c17a7634da993d91339e288964f93c274f1343e3bbbe2096e1128", "9f3bcd3c401c3e862ec0ebe6d2c069ebc012ce142cce209c098ccb5b09136e89"]
soupsieve = ["057e08f362a255b457a5781675211556799ed3bb8807506eaac3809390bc304b", "f7d99b41637be2f249dfcc06ae93c13fcbbdfa7bb68b15308cdd0734e58146f1"]
sphinx = ["429e3172466df289f0f742471d7e30ba3ee11f3b5aecd9a840480d03f14bcfe5", "c4cb17ba44acffae3d3209646b6baec1e215cad3065e852c68cc569d4df1b9f8"]
sphinx-rtd-theme = ["02f02a676d6baabb758a20c7a479d58648e0f64f13e07d1b388e9bb2afe86a09", "d0f6bc70f98961145c5b0e26a992829363a197321ba571b31b24ea91879e0c96"]
sphinxcontrib-websupport = ["68ca7ff70785cbe1e7bccc71a48b5b6d965d79ca50629606c7861a21b206d9dd", "9de47f375baf1ea07cdb3436ff39d7a9c76042c10a769c52353ec46e4e8fc3b9"]
testfixtures = ["1e0affc9b459f039ebf9ae6e8af4059ded4d293863d4af9ffcd83e3b5e8df9cc", "b040b59e0089809c2f157d3463ea288a10d890661695581649f40ae967944829"]
transaction = ["726059c461b9ec4e69e5bead6680667a3db01bf2adf901f23e4031228a0f9f9f", "b96a5e9aaa73f905759bc9ccf0021bf4864c01ac36666e0d28395e871f6d584a"]
translationstring = ["4ee44cfa58c52ade8910ea0ebc3d2d84bdcad9fa0422405b1801ec9b9a65b72d", "e26c7bf383413234ed442e0980a2ebe192b95e3745288a8fd2805156d27515b4"]
urllib3 = ["61bf29cada3fc2fbefad4fdf059ea4bd1b4a86d2b6d15e1c7c0b582b9752fe39", "de9529817c93f27c8ccbfead6985011db27bd0ddfcdb2d86f3f663385c6a9c22"]
venusian = ["757162c5f907e18571b6ab41b7673e5bf18cc8715abf8164292eaef4f1610668", "9902e492c71a89a241a18b2f9950bea7e41d025cc8f3af1ea8d8201346f8577d"]
waitress = ["40b0f297a7f3af61fbfbdc67e59090c70dc150a1601c39ecc9f5f1d283fb931b", "d33cd3d62426c0f1b3cd84ee3d65779c7003aae3fc060dee60524d10a57f05a9"]
webob = ["a48315158db05df0c47fbdd061b57ba0ba85bdd0b6ea9dca87511b4b7c798e99", "fc8c466af474e2e2775f1aef7afb902ed8b82e597eb0b13624818a34e8bfe720"]
webtest = ["4221020d502ff414c5fba83c1213985b83219cb1cc611fe58aa4feaf96b5e062", "9f1e6faad0b732911793e4d6f54aede292b0c3ee0b3ef7afb2011ec4f4044cc8"]
"zc.lockfile" = ["95a8e3846937ab2991b61703d6e0251d5abb9604e18412e2714e1b90db173253"]
zconfig = ["560f779c7dcca0593083cbdb3fac9bfc7974cd5061363e2254844192e5644998", "db23bb0c493593ff04f3474b937758c72a01878910bcaa34b1e4e5971c07f090"]
zdaemon = ["f249fc6885646d165d7d6b228a7b71f5170fc7117de9e0688271f8fb97840f72"]
zeo = ["4c1a9fc01114382e58b7ae21135fe0c222f214bf680ad073d5fdccaaaccd6e57"]
zodb = ["20155942fa326e89ad8544225bafd74237af332ce9d7c7105a22318fe8269666", "7b25ecb452033e1b26be30ec5a65ebb004044c9ed4312d62f94b0d0de8e185b5"]
zodbpickle = ["151531eb995fdc55d03b83c4c526053cbe279ee2d706ac605a17f8645f0bb4fb", "44c87aef6e55f7e652f3249ff9ce7735ce4cf9902c58763dba240b6564eca4ce", "55f62460652fe4835b790d58ec5f5c70caca151fb9ac834d45c1b0b17d67ff6e", "6da9aa57b7d39854fadaf8eae46a10ace61fcd830757ad028767faef780a6051", "7390e8c604b37552a917dfeacc1c563f95c2e1e63956fabf15c0662dde4def8a", "7e0e694718aaad4ac0aa6e7689e6c1023a87df7192a605e5d42caef76ea3be54", "89d09bd0a40c76f98301e9705f9111672f6e49684c2c138f3dcecd7bd56348f2", "8bc6c85fd149cc38cb2cdda708ccad6573569b968ae07e38d93686f0b470b818", "8ec08f2e0adfe6b0905356493d0deb58f87c11fa0336d823ae22e125435c0440", "a29e6691c413910d66a73d410e75cfb37d5dfe689c6266e931707be4a3808a16", "a975ecde3f76095bd443f8cae9b659680eb24f52232a3abca7b69cfa7fdaecff", "ab140b34df795239068b4dcd5e42fa55fd3c1303e54a61fa5146a51b98f61bad", "adb31b824c40c2c7348c35bf927e97cc31518fc6d7ffc7c68345fd530625015d", "affbe5d75e63e2f501ce6d40847ad5d6e0f6fddb66d83c9376282d37263449e7", "b81bf0cd470fbe7f4eb4b47d288797db5eb699b2eb07fb3f844cd4daa6e06632", "c0bb4f330707f69bb3baa599815f5a036aaca8f2530acbcf84b9a4ae6859dd9c", "ca27df6cc27ed71bbcb231ad7cae3bc51a87294492db26f9b32cd036f1773e52", "ce435e45ceea444819157a665d4bccaf37a521d9c0fdc22406773ead49d983b3", "d8303b55a05e97d9becdac7aaad6e214f8ff2baeed6acbb3410e6c7bdbd4f165", "d9a9fd6c6096f68c345d0ab05f3af2516883e89cc619dfc70dff1fd90509c5dc", "df81226438e4eac1a0c073c9dee96e0a119b94b8eefe8d51761a93efd79cc380", "e211b90e319587ca3e038b85e3b87b66766ed4886d62cf2742a7d01cbdfe19ce", "e4b78b75874c9e2328614f81d8103a5ae6d5001e254875ded2d04e7561913096", "ec4c2a3e2137fb37873d8cc76cc3ab7412dd1a3cde56279fc5992635f330792b", "ed13fc8a0312e5cfd3965d6241fc8398f2f8b0849b975ba65f0e5ab336e538e0", "edd0ca560b2cba0d91d82f1d054218b9fa064be391cfb138e373ab0cf1f0e056", "edde7a22675de3ec029917205bb49ff53f338aa5f2536204229128270c021ee5", "fbebb035641386ce794d3a9ceb4e12ca47d8b0b7adade39f81ce877827098fb6"]
zodburi = ["4c796b376e5f012466df23bc4cd79206744a314921b9ee1d4869bb09dae34797", "a5eb3fcc17e043a009de25dd128817e7bbbe289a0419e95dbca88291653ce90d"]
"zope.deprecation" = ["0d453338f04bacf91bbfba545d8bcdf529aa829e67b705eac8c1a7fdce66e2df", "f1480b74995958b24ce37b0ef04d3663d2683e5d6debc96726eff18acf4ea113"]
"zope.interface" = ["086707e0f413ff8800d9c4bc26e174f7ee4c9c8b0302fbad68d083071822316c", "1157b1ec2a1f5bf45668421e3955c60c610e31913cc695b407a574efdbae1f7b", "11ebddf765bff3bbe8dbce10c86884d87f90ed66ee410a7e6c392086e2c63d02", "14b242d53f6f35c2d07aa2c0e13ccb710392bcd203e1b82a1828d216f6f6b11f", "1b3d0dcabc7c90b470e59e38a9acaa361be43b3a6ea644c0063951964717f0e5", "20a12ab46a7e72b89ce0671e7d7a6c3c1ca2c2766ac98112f78c5bddaa6e4375", "298f82c0ab1b182bd1f34f347ea97dde0fffb9ecf850ecf7f8904b8442a07487", "2f6175722da6f23dbfc76c26c241b67b020e1e83ec7fe93c9e5d3dd18667ada2", "3b877de633a0f6d81b600624ff9137312d8b1d0f517064dfc39999352ab659f0", "4265681e77f5ac5bac0905812b828c9fe1ce80c6f3e3f8574acfb5643aeabc5b", "550695c4e7313555549aa1cdb978dc9413d61307531f123558e438871a883d63", "5f4d42baed3a14c290a078e2696c5f565501abde1b2f3f1a1c0a94fbf6fbcc39", "62dd71dbed8cc6a18379700701d959307823b3b2451bdc018594c48956ace745", "7040547e5b882349c0a2cc9b50674b1745db551f330746af434aad4f09fba2cc", "7e099fde2cce8b29434684f82977db4e24f0efa8b0508179fce1602d103296a2", "7e5c9a5012b2b33e87980cee7d1c82412b2ebabcb5862d53413ba1a2cfde23aa", "81295629128f929e73be4ccfdd943a0906e5fe3cdb0d43ff1e5144d16fbb52b1", "95cc574b0b83b85be9917d37cd2fad0ce5a0d21b024e1a5804d044aabea636fc", "968d5c5702da15c5bf8e4a6e4b67a4d92164e334e9c0b6acf080106678230b98", "9e998ba87df77a85c7bed53240a7257afe51a07ee6bc3445a0bf841886da0b97", "a0c39e2535a7e9c195af956610dba5a1073071d2d85e9d2e5d789463f63e52ab", "a15e75d284178afe529a536b0e8b28b7e107ef39626a7809b4ee64ff3abc9127", "a6a6ff82f5f9b9702478035d8f6fb6903885653bff7ec3a1e011edc9b1a7168d", "b639f72b95389620c1f881d94739c614d385406ab1d6926a9ffe1c8abbea23fe", "bad44274b151d46619a7567010f7cde23a908c6faa84b97598fd2f474a0c6891", "bbcef00d09a30948756c5968863316c949d9cedbc7aabac5e8f0ffbdb632e5f1", "d788a3999014ddf416f2dc454efa4a5dbeda657c6aba031cf363741273804c6b", "eed88ae03e1ef3a75a0e96a55a99d7937ed03e53d0cffc2451c208db445a2966", "f99451f3a579e73b5dd58b1b08d1179791d49084371d9a47baad3b22417f0317"]
